
Microsoft Visual Studio Solution File, Format Version 12.00
# Visual Studio Version 17
VisualStudioVersion = 17.4.33213.308
MinimumVisualStudioVersion = 10.0.40219.1
Project("{FAE04EC0-301F-11D3-BF4B-00C04F79EFBC}") = "LearningCSharp", "LearningCSharp\LearningCSharp.csproj", "{458EA637-3B42-4C0B-9DEC-13105A69601B}"
EndProject
Global
	GlobalSection(SolutionConfigurationPlatforms) = preSolution
		Debug|Any CPU = Debug|Any CPU
		Release|Any CPU = Release|Any CPU
	EndGlobalSection
	GlobalSection(ProjectConfigurationPlatforms) = postSolution
		{458EA637-3B42-4C0B-9DEC-13105A69601B}.Debug|Any CPU.ActiveCfg = Debug|Any CPU
		{458EA637-3B42-4C0B-9DEC-13105A69601B}.Debug|Any CPU.Build.0 = Debug|Any CPU
		{458EA637-3B42-4C0B-9DEC-13105A69601B}.Release|Any CPU.ActiveCfg = Release|Any CPU
		{458EA637-3B42-4C0B-9DEC-13105A69601B}.Release|Any CPU.Build.0 = Release|Any CPU
	EndGlobalSection
	GlobalSection(SolutionProperties) = preSolution
		HideSolutionNode = FALSE
	EndGlobalSection
	GlobalSection(ExtensibilityGlobals) = postSolution
		SolutionGuid = {45ABA74C-E784-40CF-ADD2-75AED8A55F88}
	EndGlobalSection
EndGlobal
